
Microsoft Visual Studio Solution File, Format Version 12.00
# Visual Studio Version 17
VisualStudioVersion = 17.5.33516.290
MinimumVisualStudioVersion = 10.0.40219.1
Project("{FAE04EC0-301F-11D3-BF4B-00C04F79EFBC}") = "IntermediarioExercicio3", "IntermediarioExercicio3\IntermediarioExercicio3.csproj", "{A9530B50-24CE-4FCA-A29E-76A6B4905060}"
EndProject
Global
	GlobalSection(SolutionConfigurationPlatforms) = preSolution
		Debug|Any CPU = Debug|Any CPU
		Release|Any CPU = Release|Any CPU
	EndGlobalSection
	GlobalSection(ProjectConfigurationPlatforms) = postSolution
		{A9530B50-24CE-4FCA-A29E-76A6B4905060}.Debug|Any CPU.ActiveCfg = Debug|Any CPU
		{A9530B50-24CE-4FCA-A29E-76A6B4905060}.Debug|Any CPU.Build.0 = Debug|Any CPU
		{A9530B50-24CE-4FCA-A29E-76A6B4905060}.Release|Any CPU.ActiveCfg = Release|Any CPU
		{A9530B50-24CE-4FCA-A29E-76A6B4905060}.Release|Any CPU.Build.0 = Release|Any CPU
	EndGlobalSection
	GlobalSection(SolutionProperties) = preSolution
		HideSolutionNode = FALSE
	EndGlobalSection
	GlobalSection(ExtensibilityGlobals) = postSolution
		SolutionGuid = {32FAE724-3927-44CD-B190-09AA60B61B06}
	EndGlobalSection
EndGlobal
